
Microsoft Visual Studio Solution File, Format Version 12.00
# Visual Studio Version 16
VisualStudioVersion = 16.0.28803.156
MinimumVisualStudioVersion = 10.0.40219.1
Project("{778DAE3C-4631-46EA-AA77-85C1314464D9}") = "1.01variables_consola", "variables_consola\1.01variables_consola.vbproj", "{68B5C381-8513-4080-A365-E8BF86C7A0F4}"
EndProject
Project("{778DAE3C-4631-46EA-AA77-85C1314464D9}") = "1.02Variables_tipos", "Variables_tipos\1.02Variables_tipos.vbproj", "{27F6D660-E5FD-4844-9938-6F12217C53AD}"
EndProject
Project("{778DAE3C-4631-46EA-AA77-85C1314464D9}") = "1.03Concatenacion", "Concatenacion\1.03Concatenacion.vbproj", "{10BC7C4F-2C27-4873-861F-C2953F5CB5FD}"
EndProject
Project("{778DAE3C-4631-46EA-AA77-85C1314464D9}") = "1.04Aritmetica", "Aritmetica\1.04Aritmetica.vbproj", "{1E057C45-F999-4529-AA9D-F377A791B460}"
EndProject
Project("{778DAE3C-4631-46EA-AA77-85C1314464D9}") = "1.05Cuadratica", "Ecuacion\1.05Cuadratica.vbproj", "{E35753D4-A760-4225-8939-DA6A8BDBDC8D}"
EndProject
Project("{778DAE3C-4631-46EA-AA77-85C1314464D9}") = "1.06suma_promedio", "Sumatoria\1.06suma_promedio.vbproj", "{886AF2AB-C364-48B5-98EA-733C5176F897}"
EndProject
Project("{778DAE3C-4631-46EA-AA77-85C1314464D9}") = "Semanas", "Semanas\Semanas.vbproj", "{F0614F4D-F824-4087-A284-07663E7F774D}"
EndProject
Project("{778DAE3C-4631-46EA-AA77-85C1314464D9}") = "1.08Tabla_booleana", "Tabla de verdad\1.08Tabla_booleana.vbproj", "{06352E87-D0C2-47C5-996B-A033D93668EA}"
EndProject
Project("{778DAE3C-4631-46EA-AA77-85C1314464D9}") = "1.09 interes", "interes\1.09 interes.vbproj", "{590A487B-42F9-4E90-B1B5-A245D19696EB}"
EndProject
Project("{778DAE3C-4631-46EA-AA77-85C1314464D9}") = "1.16Reloj", "Relooj\1.16Reloj.vbproj", "{71704A4D-8232-4CD5-8B51-6BB53258FF0D}"
EndProject
Project("{778DAE3C-4631-46EA-AA77-85C1314464D9}") = "1.13Mayor", "1.13Mayor\1.13Mayor.vbproj", "{AD38AE54-08EF-4E6A-B0BD-B0670CC8811A}"
EndProject
Project("{778DAE3C-4631-46EA-AA77-85C1314464D9}") = "1.10Resto_division", "1.10Resto_division\1.10Resto_division.vbproj", "{4CF8A912-6906-41BD-9846-CC5742F111FC}"
EndProject
Project("{778DAE3C-4631-46EA-AA77-85C1314464D9}") = "1.11Matematica1", "1.11Matematica1\1.11Matematica1.vbproj", "{774BF718-3483-46EC-8B44-A24A69F21B0A}"
EndProject
Project("{778DAE3C-4631-46EA-AA77-85C1314464D9}") = "1.14cadenas1", "1.14cadenas1\1.14cadenas1.vbproj", "{4F03E7E7-79A5-417C-9434-EE3FE71D26F8}"
EndProject
Project("{778DAE3C-4631-46EA-AA77-85C1314464D9}") = "1.12Redondeo", "1.12Redondeo\1.12Redondeo.vbproj", "{ECAB4BBC-758E-4470-A0A9-40EA9E9A9ADF}"
EndProject
Project("{778DAE3C-4631-46EA-AA77-85C1314464D9}") = "1.18Nueva_fecha", "1.18Nueva_fecha\1.18Nueva_fecha.vbproj", "{4CF95409-90ED-4289-9281-82138E54A866}"
EndProject
Project("{F184B08F-C81C-45F6-A57F-5ABD9991F28F}") = "1.15Refrase", "1.15reffrase\1.15Refrase.vbproj", "{DC78EFC6-824C-4ADF-9871-AF03BF9D5BA9}"
EndProject
Global
	GlobalSection(SolutionConfigurationPlatforms) = preSolution
		Debug|Any CPU = Debug|Any CPU
		Release|Any CPU = Release|Any CPU
	EndGlobalSection
	GlobalSection(ProjectConfigurationPlatforms) = postSolution
		{68B5C381-8513-4080-A365-E8BF86C7A0F4}.Debug|Any CPU.ActiveCfg = Debug|Any CPU
		{68B5C381-8513-4080-A365-E8BF86C7A0F4}.Debug|Any CPU.Build.0 = Debug|Any CPU
		{68B5C381-8513-4080-A365-E8BF86C7A0F4}.Release|Any CPU.ActiveCfg = Release|Any CPU
		{68B5C381-8513-4080-A365-E8BF86C7A0F4}.Release|Any CPU.Build.0 = Release|Any CPU
		{27F6D660-E5FD-4844-9938-6F12217C53AD}.Debug|Any CPU.ActiveCfg = Debug|Any CPU
		{27F6D660-E5FD-4844-9938-6F12217C53AD}.Debug|Any CPU.Build.0 = Debug|Any CPU
		{27F6D660-E5FD-4844-9938-6F12217C53AD}.Release|Any CPU.ActiveCfg = Release|Any CPU
		{27F6D660-E5FD-4844-9938-6F12217C53AD}.Release|Any CPU.Build.0 = Release|Any CPU
		{10BC7C4F-2C27-4873-861F-C2953F5CB5FD}.Debug|Any CPU.ActiveCfg = Debug|Any CPU
		{10BC7C4F-2C27-4873-861F-C2953F5CB5FD}.Debug|Any CPU.Build.0 = Debug|Any CPU
		{10BC7C4F-2C27-4873-861F-C2953F5CB5FD}.Release|Any CPU.ActiveCfg = Release|Any CPU
		{10BC7C4F-2C27-4873-861F-C2953F5CB5FD}.Release|Any CPU.Build.0 = Release|Any CPU
		{1E057C45-F999-4529-AA9D-F377A791B460}.Debug|Any CPU.ActiveCfg = Debug|Any CPU
		{1E057C45-F999-4529-AA9D-F377A791B460}.Debug|Any CPU.Build.0 = Debug|Any CPU
		{1E057C45-F999-4529-AA9D-F377A791B460}.Release|Any CPU.ActiveCfg = Release|Any CPU
		{1E057C45-F999-4529-AA9D-F377A791B460}.Release|Any CPU.Build.0 = Release|Any CPU
		{E35753D4-A760-4225-8939-DA6A8BDBDC8D}.Debug|Any CPU.ActiveCfg = Debug|Any CPU
		{E35753D4-A760-4225-8939-DA6A8BDBDC8D}.Debug|Any CPU.Build.0 = Debug|Any CPU
		{E35753D4-A760-4225-8939-DA6A8BDBDC8D}.Release|Any CPU.ActiveCfg = Release|Any CPU
		{E35753D4-A760-4225-8939-DA6A8BDBDC8D}.Release|Any CPU.Build.0 = Release|Any CPU
		{886AF2AB-C364-48B5-98EA-733C5176F897}.Debug|Any CPU.ActiveCfg = Debug|Any CPU
		{886AF2AB-C364-48B5-98EA-733C5176F897}.Debug|Any CPU.Build.0 = Debug|Any CPU
		{886AF2AB-C364-48B5-98EA-733C5176F897}.Release|Any CPU.ActiveCfg = Release|Any CPU
		{886AF2AB-C364-48B5-98EA-733C5176F897}.Release|Any CPU.Build.0 = Release|Any CPU
		{F0614F4D-F824-4087-A284-07663E7F774D}.Debug|Any CPU.ActiveCfg = Debug|Any CPU
		{F0614F4D-F824-4087-A284-07663E7F774D}.Debug|Any CPU.Build.0 = Debug|Any CPU
		{F0614F4D-F824-4087-A284-07663E7F774D}.Release|Any CPU.ActiveCfg = Release|Any CPU
		{F0614F4D-F824-4087-A284-07663E7F774D}.Release|Any CPU.Build.0 = Release|Any CPU
		{06352E87-D0C2-47C5-996B-A033D93668EA}.Debug|Any CPU.ActiveCfg = Debug|Any CPU
		{06352E87-D0C2-47C5-996B-A033D93668EA}.Debug|Any CPU.Build.0 = Debug|Any CPU
		{06352E87-D0C2-47C5-996B-A033D93668EA}.Release|Any CPU.ActiveCfg = Release|Any CPU
		{06352E87-D0C2-47C5-996B-A033D93668EA}.Release|Any CPU.Build.0 = Release|Any CPU
		{590A487B-42F9-4E90-B1B5-A245D19696EB}.Debug|Any CPU.ActiveCfg = Debug|Any CPU
		{590A487B-42F9-4E90-B1B5-A245D19696EB}.Debug|Any CPU.Build.0 = Debug|Any CPU
		{590A487B-42F9-4E90-B1B5-A245D19696EB}.Release|Any CPU.ActiveCfg = Release|Any CPU
		{590A487B-42F9-4E90-B1B5-A245D19696EB}.Release|Any CPU.Build.0 = Release|Any CPU
		{71704A4D-8232-4CD5-8B51-6BB53258FF0D}.Debug|Any CPU.ActiveCfg = Debug|Any CPU
		{71704A4D-8232-4CD5-8B51-6BB53258FF0D}.Debug|Any CPU.Build.0 = Debug|Any CPU
		{71704A4D-8232-4CD5-8B51-6BB53258FF0D}.Release|Any CPU.ActiveCfg = Release|Any CPU
		{71704A4D-8232-4CD5-8B51-6BB53258FF0D}.Release|Any CPU.Build.0 = Release|Any CPU
		{AD38AE54-08EF-4E6A-B0BD-B0670CC8811A}.Debug|Any CPU.ActiveCfg = Debug|Any CPU
		{AD38AE54-08EF-4E6A-B0BD-B0670CC8811A}.Debug|Any CPU.Build.0 = Debug|Any CPU
		{AD38AE54-08EF-4E6A-B0BD-B0670CC8811A}.Release|Any CPU.ActiveCfg = Release|Any CPU
		{AD38AE54-08EF-4E6A-B0BD-B0670CC8811A}.Release|Any CPU.Build.0 = Release|Any CPU
		{4CF8A912-6906-41BD-9846-CC5742F111FC}.Debug|Any CPU.ActiveCfg = Debug|Any CPU
		{4CF8A912-6906-41BD-9846-CC5742F111FC}.Debug|Any CPU.Build.0 = Debug|Any CPU
		{4CF8A912-6906-41BD-9846-CC5742F111FC}.Release|Any CPU.ActiveCfg = Release|Any CPU
		{4CF8A912-6906-41BD-9846-CC5742F111FC}.Release|Any CPU.Build.0 = Release|Any CPU
		{774BF718-3483-46EC-8B44-A24A69F21B0A}.Debug|Any CPU.ActiveCfg = Debug|Any CPU
		{774BF718-3483-46EC-8B44-A24A69F21B0A}.Debug|Any CPU.Build.0 = Debug|Any CPU
		{774BF718-3483-46EC-8B44-A24A69F21B0A}.Release|Any CPU.ActiveCfg = Release|Any CPU
		{774BF718-3483-46EC-8B44-A24A69F21B0A}.Release|Any CPU.Build.0 = Release|Any CPU
		{4F03E7E7-79A5-417C-9434-EE3FE71D26F8}.Debug|Any CPU.ActiveCfg = Debug|Any CPU
		{4F03E7E7-79A5-417C-9434-EE3FE71D26F8}.Debug|Any CPU.Build.0 = Debug|Any CPU
		{4F03E7E7-79A5-417C-9434-EE3FE71D26F8}.Release|Any CPU.ActiveCfg = Release|Any CPU
		{4F03E7E7-79A5-417C-9434-EE3FE71D26F8}.Release|Any CPU.Build.0 = Release|Any CPU
		{ECAB4BBC-758E-4470-A0A9-40EA9E9A9ADF}.Debug|Any CPU.ActiveCfg = Debug|Any CPU
		{ECAB4BBC-758E-4470-A0A9-40EA9E9A9ADF}.Debug|Any CPU.Build.0 = Debug|Any CPU
		{ECAB4BBC-758E-4470-A0A9-40EA9E9A9ADF}.Release|Any CPU.ActiveCfg = Release|Any CPU
		{ECAB4BBC-758E-4470-A0A9-40EA9E9A9ADF}.Release|Any CPU.Build.0 = Release|Any CPU
		{4CF95409-90ED-4289-9281-82138E54A866}.Debug|Any CPU.ActiveCfg = Debug|Any CPU
		{4CF95409-90ED-4289-9281-82138E54A866}.Debug|Any CPU.Build.0 = Debug|Any CPU
		{4CF95409-90ED-4289-9281-82138E54A866}.Release|Any CPU.ActiveCfg = Release|Any CPU
		{4CF95409-90ED-4289-9281-82138E54A866}.Release|Any CPU.Build.0 = Release|Any CPU
		{DC78EFC6-824C-4ADF-9871-AF03BF9D5BA9}.Debug|Any CPU.ActiveCfg = Debug|Any CPU
		{DC78EFC6-824C-4ADF-9871-AF03BF9D5BA9}.Debug|Any CPU.Build.0 = Debug|Any CPU
		{DC78EFC6-824C-4ADF-9871-AF03BF9D5BA9}.Release|Any CPU.ActiveCfg = Release|Any CPU
		{DC78EFC6-824C-4ADF-9871-AF03BF9D5BA9}.Release|Any CPU.Build.0 = Release|Any CPU
	EndGlobalSection
	GlobalSection(SolutionProperties) = preSolution
		HideSolutionNode = FALSE
	EndGlobalSection
	GlobalSection(ExtensibilityGlobals) = postSolution
		SolutionGuid = {6591B989-62FF-428E-8D99-9F70A7789E78}
	EndGlobalSection
EndGlobal
